# This file is automatically @generated by Poetry 2.1.3 and should not be changed by hand.

[[package]]
name = "obsws-python"
version = "1.8.0"
description = "A Python SDK for OBS Studio WebSocket v5.0"
optional = false
python-versions = ">=3.9"
groups = ["main"]
files = [
    {file = "obsws_python-1.8.0-py3-none-any.whl", hash = "sha256:537bde416e149b6f59e0b2f31761d4a40329feafec171bde6fc1346ab8516e28"},
    {file = "obsws_python-1.8.0.tar.gz", hash = "sha256:e082894f80deb0836861fdc3c222e497308c8f66328da6075baba5b456a20971"},
]

[package.dependencies]
websocket-client = "*"

[[package]]
name = "pymodbus"
version = "3.13.0"
description = "A fully featured modbus protocol stack in python"
optional = false
python-versions = ">=3.10.0"
groups = ["main"]
files = [
    {file = "pymodbus-3.13.0-py3-none-any.whl", hash = "sha256:6ce838690b59ef3da00893699d04dc56e60abfb5b569363b7d6526470a3a44f5"},
    {file = "pymodbus-3.13.0.tar.gz", hash = "sha256:da4c87afe772787620594c564cd8aa8a4c58ff9786382aba9550fe0ce8879f32"},
]

[package.extras]
all = ["pymodbus[development,documentation,serial,simulator]"]
development = ["build (>=1.4.0)", "codespell (>=2.3.0)", "coverage (>=7.13.3)", "pylint (>=4.0.4)", "pytest (>=9.0.2)", "pytest-aiohttp (>=1.0.5)", "pytest-asyncio (>=1.2.0)", "pytest-cov (>=7.0.0)", "pytest-profiling (>=1.7.0) ; python_version < \"3.13\"", "pytest-timeout (>=2.3.1)", "pytest-xdist (>=3.6.1)", "ruff (>=0.15.0)", "twine (>=6.2.0)", "types-Pygments", "types-pyserial", "zuban (>=0.4.2)"]
documentation = ["Sphinx (>=7.3.7)", "recommonmark (>=0.7.1)", "sphinx-rtd-theme (>=2.0.0)"]
serial = ["pyserial (>=3.5)"]
simulator = ["aiohttp (>=3.13.2) ; python_version >= \"3.12\"", "aiohttp (>=3.8.6) ; python_version < \"3.12\""]

[[package]]
name = "websocket-client"
version = "1.9.0"
description = "WebSocket client for Python with low level API options"
optional = false
python-versions = ">=3.9"
groups = ["main"]
files = [
    {file = "websocket_client-1.9.0-py3-none-any.whl", hash = "sha256:af248a825037ef591efbf6ed20cc5faa03d3b47b9e5a2230a529eeee1c1fc3ef"},
    {file = "websocket_client-1.9.0.tar.gz", hash = "sha256:9e813624b6eb619999a97dc7958469217c3176312b3a16a4bd1bc7e08a46ec98"},
]

[package.extras]
docs = ["Sphinx (>=6.0)", "myst-parser (>=2.0.0)", "sphinx_rtd_theme (>=1.1.0)"]
optional = ["python-socks", "wsaccel"]
test = ["pytest", "websockets"]

[metadata]
lock-version = "2.1"
python-versions = ">=3.12"
content-hash = "5dd7a85aba5f012c0853c8d6b82d5976e456eda16607b62c5c784250f90e6f42"
